{
    "_readme": [
        "This file locks the dependencies of your project to a known state",
        "Read more about it at https://getcomposer.org/doc/01-basic-usage.md#installing-dependencies",
        "This file is @generated automatically"
    ],
    "content-hash": "4cdd4d424b628b3f32180a185555eeb6",
    "packages": [
        {
            "name": "jetbrains/phpstorm-attributes",
            "version": "1.1",
            "source": {
                "type": "git",
                "url": "https://github.com/JetBrains/phpstorm-attributes.git",
                "reference": "22fb28d679deceedba8366dbae65cc8ebfc17e26"
            },
            "dist": {
                "type": "zip",
                "url": "https://api.github.com/repos/JetBrains/phpstorm-attributes/zipball/22fb28d679deceedba8366dbae65cc8ebfc17e26",
                "reference": "22fb28d679deceedba8366dbae65cc8ebfc17e26",
                "shasum": ""
            },
            "type": "library",
            "autoload": {
                "psr-4": {
                    "JetBrains\\PhpStorm\\": "src/"
                }
            },
            "notification-url": "https://packagist.org/downloads/",
            "license": [
                "Apache-2.0"
            ],
            "authors": [
                {
                    "name": "JetBrains",
                    "homepage": "https://www.jetbrains.com"
                }
            ],
            "description": "PhpStorm specific attributes",
            "keywords": [
                "attributes",
                "jetbrains",
                "phpstorm"
            ],
            "support": {
                "issues": "https://youtrack.jetbrains.com/newIssue?project=WI",
                "source": "https://github.com/JetBrains/phpstorm-attributes/tree/1.1"
            },
            "time": "2023-09-01T08:50:25+00:00"
        },
        {
            "name": "raxos/foundation",
            "version": "dev-main",
            "dist": {
                "type": "path",
                "url": "../foundation",
                "reference": "d417a48fc8cf8d4c4e667f0792c5e856887fdacb"
            },
            "require": {
                "ext-dom": "*",
                "ext-intl": "*",
                "ext-json": "*",
                "ext-mbstring": "*",
                "ext-openssl": "*",
                "ext-simplexml": "*",
                "jetbrains/phpstorm-attributes": "^1.1"
            },
            "type": "library",
            "autoload": {
                "psr-4": {
                    "Raxos\\Foundation\\": "src/Raxos/Foundation"
                }
            },
            "license": [
                "mit"
            ],
            "authors": [
                {
                    "name": "Bas Milius",
                    "email": "bas@mili.us"
                }
            ],
            "description": "Base stuff for all Raxos libraries.",
            "transport-options": {
                "relative": true
            }
        }
    ],
    "packages-dev": [],
    "aliases": [],
    "minimum-stability": "dev",
    "stability-flags": [],
    "prefer-stable": true,
    "prefer-lowest": false,
    "platform": [],
    "platform-dev": [],
    "platform-overrides": {
        "php": "8.3"
    },
    "plugin-api-version": "2.6.0"
}
