{
    "_readme": [
        "This file locks the dependencies of your project to a known state",
        "Read more about it at https://getcomposer.org/doc/01-basic-usage.md#installing-dependencies",
        "This file is @generated automatically"
    ],
    "content-hash": "a93a7cad53e639cb122c093e51151c9b",
    "packages": [
        {
            "name": "jetbrains/phpstorm-attributes",
            "version": "1.0",
            "source": {
                "type": "git",
                "url": "https://github.com/JetBrains/phpstorm-attributes.git",
                "reference": "a7a83ae5df4dd3c0875484483de19de8edf60a9f"
            },
            "dist": {
                "type": "zip",
                "url": "https://api.github.com/repos/JetBrains/phpstorm-attributes/zipball/a7a83ae5df4dd3c0875484483de19de8edf60a9f",
                "reference": "a7a83ae5df4dd3c0875484483de19de8edf60a9f",
                "shasum": ""
            },
            "type": "library",
            "autoload": {
                "psr-4": {
                    "JetBrains\\PhpStorm\\": "src/"
                }
            },
            "notification-url": "https://packagist.org/downloads/",
            "license": [
                "Apache-2.0"
            ],
            "authors": [
                {
                    "name": "JetBrains",
                    "homepage": "https://www.jetbrains.com"
                }
            ],
            "description": "PhpStorm specific attributes",
            "keywords": [
                "attributes",
                "jetbrains",
                "phpstorm"
            ],
            "support": {
                "issues": "https://youtrack.jetbrains.com/newIssue?project=WI",
                "source": "https://github.com/JetBrains/phpstorm-attributes/tree/1.0"
            },
            "time": "2020-11-17T11:09:47+00:00"
        },
        {
            "name": "raxos/foundation",
            "version": "1.0.5",
            "source": {
                "type": "git",
                "url": "https://github.com/basmilius/raxos-foundation.git",
                "reference": "fd46d8859953c2d46935abb3064afd6ba75a46ef"
            },
            "dist": {
                "type": "zip",
                "url": "https://api.github.com/repos/basmilius/raxos-foundation/zipball/fd46d8859953c2d46935abb3064afd6ba75a46ef",
                "reference": "fd46d8859953c2d46935abb3064afd6ba75a46ef",
                "shasum": ""
            },
            "require": {
                "ext-dom": "*",
                "ext-intl": "*",
                "ext-json": "*",
                "ext-mbstring": "*",
                "ext-openssl": "*",
                "ext-simplexml": "*",
                "jetbrains/phpstorm-attributes": "^1.0"
            },
            "type": "library",
            "autoload": {
                "psr-4": {
                    "Raxos\\Foundation\\": "src/Raxos/Foundation"
                }
            },
            "notification-url": "https://packagist.org/downloads/",
            "license": [
                "mit"
            ],
            "authors": [
                {
                    "name": "Bas Milius",
                    "email": "bas@mili.us"
                }
            ],
            "description": "Base stuff for all Raxos libraries.",
            "support": {
                "issues": "https://github.com/basmilius/raxos-foundation/issues",
                "source": "https://github.com/basmilius/raxos-foundation/tree/1.0.5"
            },
            "time": "2022-10-06T06:35:47+00:00"
        }
    ],
    "packages-dev": [],
    "aliases": [],
    "minimum-stability": "stable",
    "stability-flags": [],
    "prefer-stable": false,
    "prefer-lowest": false,
    "platform": [],
    "platform-dev": [],
    "platform-overrides": {
        "php": "8.1"
    },
    "plugin-api-version": "2.3.0"
}
